
Microsoft Visual Studio Solution File, Format Version 12.00
# Visual Studio Version 17
VisualStudioVersion = 17.10.34916.146
MinimumVisualStudioVersion = 10.0.40219.1
Project("{8BC9CEB8-8B4A-11D0-8D11-00A0C91BC942}") = "Seminare", "Seminare\Seminare.vcxproj", "{FA122B4B-6213-4650-A607-CBED1664124E}"
EndProject
Project("{8BC9CEB8-8B4A-11D0-8D11-00A0C91BC942}") = "Task-uri suplimentare", "Task-uri suplimentare\Task-uri suplimentare.vcxproj", "{85621D00-0C55-4133-AA20-8BB694E7343C}"
EndProject
Global
	GlobalSection(SolutionConfigurationPlatforms) = preSolution
		Debug|x64 = Debug|x64
		Debug|x86 = Debug|x86
		Release|x64 = Release|x64
		Release|x86 = Release|x86
	EndGlobalSection
	GlobalSection(ProjectConfigurationPlatforms) = postSolution
		{FA122B4B-6213-4650-A607-CBED1664124E}.Debug|x64.ActiveCfg = Debug|x64
		{FA122B4B-6213-4650-A607-CBED1664124E}.Debug|x64.Build.0 = Debug|x64
		{FA122B4B-6213-4650-A607-CBED1664124E}.Debug|x86.ActiveCfg = Debug|Win32
		{FA122B4B-6213-4650-A607-CBED1664124E}.Debug|x86.Build.0 = Debug|Win32
		{FA122B4B-6213-4650-A607-CBED1664124E}.Release|x64.ActiveCfg = Release|x64
		{FA122B4B-6213-4650-A607-CBED1664124E}.Release|x64.Build.0 = Release|x64
		{FA122B4B-6213-4650-A607-CBED1664124E}.Release|x86.ActiveCfg = Release|Win32
		{FA122B4B-6213-4650-A607-CBED1664124E}.Release|x86.Build.0 = Release|Win32
		{85621D00-0C55-4133-AA20-8BB694E7343C}.Debug|x64.ActiveCfg = Debug|x64
		{85621D00-0C55-4133-AA20-8BB694E7343C}.Debug|x64.Build.0 = Debug|x64
		{85621D00-0C55-4133-AA20-8BB694E7343C}.Debug|x86.ActiveCfg = Debug|Win32
		{85621D00-0C55-4133-AA20-8BB694E7343C}.Debug|x86.Build.0 = Debug|Win32
		{85621D00-0C55-4133-AA20-8BB694E7343C}.Release|x64.ActiveCfg = Release|x64
		{85621D00-0C55-4133-AA20-8BB694E7343C}.Release|x64.Build.0 = Release|x64
		{85621D00-0C55-4133-AA20-8BB694E7343C}.Release|x86.ActiveCfg = Release|Win32
		{85621D00-0C55-4133-AA20-8BB694E7343C}.Release|x86.Build.0 = Release|Win32
	EndGlobalSection
	GlobalSection(SolutionProperties) = preSolution
		HideSolutionNode = FALSE
	EndGlobalSection
	GlobalSection(ExtensibilityGlobals) = postSolution
		SolutionGuid = {B7C6446D-1195-4C06-B414-E26B672CFAF0}
	EndGlobalSection
EndGlobal
